
Microsoft Visual Studio Solution File, Format Version 12.00
# Visual Studio 15
VisualStudioVersion = 15.0.28307.106
MinimumVisualStudioVersion = 10.0.40219.1
Project("{FAE04EC0-301F-11D3-BF4B-00C04F79EFBC}") = "MyProject", "MyProject\MyProject.csproj", "{AB3FE411-B1C4-4FCD-8069-3502C613F380}"
EndProject
Global
	GlobalSection(SolutionConfigurationPlatforms) = preSolution
		Debug|Any CPU = Debug|Any CPU
		Release|Any CPU = Release|Any CPU
	EndGlobalSection
	GlobalSection(ProjectConfigurationPlatforms) = postSolution
		{AB3FE411-B1C4-4FCD-8069-3502C613F380}.Debug|Any CPU.ActiveCfg = Debug|Any CPU
		{AB3FE411-B1C4-4FCD-8069-3502C613F380}.Debug|Any CPU.Build.0 = Debug|Any CPU
		{AB3FE411-B1C4-4FCD-8069-3502C613F380}.Release|Any CPU.ActiveCfg = Release|Any CPU
		{AB3FE411-B1C4-4FCD-8069-3502C613F380}.Release|Any CPU.Build.0 = Release|Any CPU
	EndGlobalSection
	GlobalSection(SolutionProperties) = preSolution
		HideSolutionNode = FALSE
	EndGlobalSection
	GlobalSection(ExtensibilityGlobals) = postSolution
		SolutionGuid = {3BC08A83-608C-4A5E-980D-94F984BCBB9F}
	EndGlobalSection
EndGlobal
